
Microsoft Visual Studio Solution File, Format Version 12.00
# Visual Studio Version 17
VisualStudioVersion = 17.14.36203.30 d17.14
MinimumVisualStudioVersion = 10.0.40219.1
Project("{FAE04EC0-301F-11D3-BF4B-00C04F79EFBC}") = "ASPCoreWebAPICURD", "ASPCoreWebAPICURD\ASPCoreWebAPICURD.csproj", "{6F0374AB-FCE8-48AC-AD3D-3EE79C7445AD}"
EndProject
Global
	GlobalSection(SolutionConfigurationPlatforms) = preSolution
		Debug|Any CPU = Debug|Any CPU
		Release|Any CPU = Release|Any CPU
	EndGlobalSection
	GlobalSection(ProjectConfigurationPlatforms) = postSolution
		{6F0374AB-FCE8-48AC-AD3D-3EE79C7445AD}.Debug|Any CPU.ActiveCfg = Debug|Any CPU
		{6F0374AB-FCE8-48AC-AD3D-3EE79C7445AD}.Debug|Any CPU.Build.0 = Debug|Any CPU
		{6F0374AB-FCE8-48AC-AD3D-3EE79C7445AD}.Release|Any CPU.ActiveCfg = Release|Any CPU
		{6F0374AB-FCE8-48AC-AD3D-3EE79C7445AD}.Release|Any CPU.Build.0 = Release|Any CPU
	EndGlobalSection
	GlobalSection(SolutionProperties) = preSolution
		HideSolutionNode = FALSE
	EndGlobalSection
	GlobalSection(ExtensibilityGlobals) = postSolution
		SolutionGuid = {99783926-8839-4295-AAEF-848B485C9BC2}
	EndGlobalSection
EndGlobal
